// !$*UTF8*$!
{
	archiveVersion = 1;
	classes = {
	};
	objectVersion = 46;
	objects = {

/* Begin PBXBuildFile section */
		329742CF1B749BDF00A6EA4B /* AppDelegate.swift in Sources */ = {isa = PBXBuildFile; fileRef = 329742CE1B749BDF00A6EA4B /* AppDelegate.swift */; };
		329742D11B749BDF00A6EA4B /* ViewController.swift in Sources */ = {isa = PBXBuildFile; fileRef = 329742D01B749BDF00A6EA4B /* ViewController.swift */; };
		329742D41B749BDF00A6EA4B /* Main.storyboard in Resources */ = {isa = PBXBuildFile; fileRef = 329742D21B749BDF00A6EA4B /* Main.storyboard */; };
		329742D61B749BDF00A6EA4B /* Images.xcassets in Resources */ = {isa = PBXBuildFile; fileRef = 329742D51B749BDF00A6EA4B /* Images.xcassets */; };
		329742D91B749BDF00A6EA4B /* LaunchScreen.xib in Resources */ = {isa = PBXBuildFile; fileRef = 329742D71B749BDF00A6EA4B /* LaunchScreen.xib */; };
		329742E51B749BDF00A6EA4B /* CameraSampleTests.swift in Sources */ = {isa = PBXBuildFile; fileRef = 329742E41B749BDF00A6EA4B /* CameraSampleTests.swift */; };
		32A7C9C41B783225007C3550 /* MobileCoreServices.framework in Frameworks */ = {isa = PBXBuildFile; fileRef = 32A7C9C31B783225007C3550 /* MobileCoreServices.framework */; };
		32A7C9C61B787267007C3550 /* OverlayView.xib in Resources */ = {isa = PBXBuildFile; fileRef = 32A7C9C51B787267007C3550 /* OverlayView.xib */; };
		32A7C9C81B787317007C3550 /* OverlayView.swift in Sources */ = {isa = PBXBuildFile; fileRef = 32A7C9C71B787317007C3550 /* OverlayView.swift */; };
		32A7C9CA1B788C3F007C3550 /* CameraViewController.swift in Sources */ = {isa = PBXBuildFile; fileRef = 32A7C9C91B788C3F007C3550 /* CameraViewController.swift */; };
/* End PBXBuildFile section */

/* Begin PBXContainerItemProxy section */
		329742DF1B749BDF00A6EA4B /* PBXContainerItemProxy */ = {
			isa = PBXContainerItemProxy;
			containerPortal = 329742C11B749BDE00A6EA4B /* Project object */;
			proxyType = 1;
			remoteGlobalIDString = 329742C81B749BDE00A6EA4B;
			remoteInfo = CameraSample;
		};
/* End PBXContainerItemProxy section */

/* Begin PBXFileReference section */
		329742C91B749BDE00A6EA4B /* CameraSample.app */ = {isa = PBXFileReference; explicitFileType = wrapper.application; includeInIndex = 0; path = CameraSample.app; sourceTree = BUILT_PRODUCTS_DIR; };
		329742CD1B749BDF00A6EA4B /* Info.plist */ = {isa = PBXFileReference; lastKnownFileType = text.plist.xml; path = Info.plist; sourceTree = "<group>"; };
		329742CE1B749BDF00A6EA4B /* AppDelegate.swift */ = {isa = PBXFileReference; lastKnownFileType = sourcecode.swift; path = AppDelegate.swift; sourceTree = "<group>"; };
		329742D01B749BDF00A6EA4B /* ViewController.swift */ = {isa = PBXFileReference; lastKnownFileType = sourcecode.swift; path = ViewController.swift; sourceTree = "<group>"; };
		329742D31B749BDF00A6EA4B /* Base */ = {isa = PBXFileReference; lastKnownFileType = file.storyboard; name = Base; path = Base.lproj/Main.storyboard; sourceTree = "<group>"; };
		329742D51B749BDF00A6EA4B /* Images.xcassets */ = {isa = PBXFileReference; lastKnownFileType = folder.assetcatalog; path = Images.xcassets; sourceTree = "<group>"; };
		329742D81B749BDF00A6EA4B /* Base */ = {isa = PBXFileReference; lastKnownFileType = file.xib; name = Base; path = Base.lproj/LaunchScreen.xib; sourceTree = "<group>"; };
		329742DE1B749BDF00A6EA4B /* CameraSampleTests.xctest */ = {isa = PBXFileReference; explicitFileType = wrapper.cfbundle; includeInIndex = 0; path = CameraSampleTests.xctest; sourceTree = BUILT_PRODUCTS_DIR; };
		329742E31B749BDF00A6EA4B /* Info.plist */ = {isa = PBXFileReference; lastKnownFileType = text.plist.xml; path = Info.plist; sourceTree = "<group>"; };
		329742E41B749BDF00A6EA4B /* CameraSampleTests.swift */ = {isa = PBXFileReference; lastKnownFileType = sourcecode.swift; path = CameraSampleTests.swift; sourceTree = "<group>"; };
		32A7C9C31B783225007C3550 /* MobileCoreServices.framework */ = {isa = PBXFileReference; lastKnownFileType = wrapper.framework; name = MobileCoreServices.framework; path = System/Library/Frameworks/MobileCoreServices.framework; sourceTree = SDKROOT; };
		32A7C9C51B787267007C3550 /* OverlayView.xib */ = {isa = PBXFileReference; fileEncoding = 4; lastKnownFileType = file.xib; path = OverlayView.xib; sourceTree = "<group>"; };
		32A7C9C71B787317007C3550 /* OverlayView.swift */ = {isa = PBXFileReference; fileEncoding = 4; lastKnownFileType = sourcecode.swift; path = OverlayView.swift; sourceTree = "<group>"; };
		32A7C9C91B788C3F007C3550 /* CameraViewController.swift */ = {isa = PBXFileReference; fileEncoding = 4; lastKnownFileType = sourcecode.swift; path = CameraViewController.swift; sourceTree = "<group>"; };
/* End PBXFileReference section */

/* Begin PBXFrameworksBuildPhase section */
		329742C61B749BDE00A6EA4B /* Frameworks */ = {
			isa = PBXFrameworksBuildPhase;
			buildActionMask = 2147483647;
			files = (
				32A7C9C41B783225007C3550 /* MobileCoreServices.framework in Frameworks */,
			);
			runOnlyForDeploymentPostprocessing = 0;
		};
		329742DB1B749BDF00A6EA4B /* Frameworks */ = {
			isa = PBXFrameworksBuildPhase;
			buildActionMask = 2147483647;
			files = (
			);
			runOnlyForDeploymentPostprocessing = 0;
		};
/* End PBXFrameworksBuildPhase section */

/* Begin PBXGroup section */
		329742C01B749BDE00A6EA4B = {
			isa = PBXGroup;
			children = (
				32A7C9C31B783225007C3550 /* MobileCoreServices.framework */,
				329742CB1B749BDE00A6EA4B /* CameraSample */,
				329742E11B749BDF00A6EA4B /* CameraSampleTests */,
				329742CA1B749BDE00A6EA4B /* Products */,
			);
			sourceTree = "<group>";
		};
		329742CA1B749BDE00A6EA4B /* Products */ = {
			isa = PBXGroup;
			children = (
				329742C91B749BDE00A6EA4B /* CameraSample.app */,
				329742DE1B749BDF00A6EA4B /* CameraSampleTests.xctest */,
			);
			name = Products;
			sourceTree = "<group>";
		};
		329742CB1B749BDE00A6EA4B /* CameraSample */ = {
			isa = PBXGroup;
			children = (
				329742CE1B749BDF00A6EA4B /* AppDelegate.swift */,
				32A7C9C91B788C3F007C3550 /* CameraViewController.swift */,
				32A7C9C71B787317007C3550 /* OverlayView.swift */,
				329742D01B749BDF00A6EA4B /* ViewController.swift */,
				329742D51B749BDF00A6EA4B /* Images.xcassets */,
				32A7C9C51B787267007C3550 /* OverlayView.xib */,
				329742D71B749BDF00A6EA4B /* LaunchScreen.xib */,
				329742D21B749BDF00A6EA4B /* Main.storyboard */,
				329742CC1B749BDE00A6EA4B /* Supporting Files */,
			);
			path = CameraSample;
			sourceTree = "<group>";
		};
		329742CC1B749BDE00A6EA4B /* Supporting Files */ = {
			isa = PBXGroup;
			children = (
				329742CD1B749BDF00A6EA4B /* Info.plist */,
			);
			name = "Supporting Files";
			sourceTree = "<group>";
		};
		329742E11B749BDF00A6EA4B /* CameraSampleTests */ = {
			isa = PBXGroup;
			children = (
				329742E41B749BDF00A6EA4B /* CameraSampleTests.swift */,
				329742E21B749BDF00A6EA4B /* Supporting Files */,
			);
			path = CameraSampleTests;
			sourceTree = "<group>";
		};
		329742E21B749BDF00A6EA4B /* Supporting Files */ = {
			isa = PBXGroup;
			children = (
				329742E31B749BDF00A6EA4B /* Info.plist */,
			);
			name = "Supporting Files";
			sourceTree = "<group>";
		};
/* End PBXGroup section */

/* Begin PBXNativeTarget section */
		329742C81B749BDE00A6EA4B /* CameraSample */ = {
			isa = PBXNativeTarget;
			buildConfigurationList = 329742E81B749BDF00A6EA4B /* Build configuration list for PBXNativeTarget "CameraSample" */;
			buildPhases = (
				329742C51B749BDE00A6EA4B /* Sources */,
				329742C61B749BDE00A6EA4B /* Frameworks */,
				329742C71B749BDE00A6EA4B /* Resources */,
			);
			buildRules = (
			);
			dependencies = (
			);
			name = CameraSample;
			productName = CameraSample;
			productReference = 329742C91B749BDE00A6EA4B /* CameraSample.app */;
			productType = "com.apple.product-type.application";
		};
		329742DD1B749BDF00A6EA4B /* CameraSampleTests */ = {
			isa = PBXNativeTarget;
			buildConfigurationList = 329742EB1B749BDF00A6EA4B /* Build configuration list for PBXNativeTarget "CameraSampleTests" */;
			buildPhases = (
				329742DA1B749BDF00A6EA4B /* Sources */,
				329742DB1B749BDF00A6EA4B /* Frameworks */,
				329742DC1B749BDF00A6EA4B /* Resources */,
			);
			buildRules = (
			);
			dependencies = (
				329742E01B749BDF00A6EA4B /* PBXTargetDependency */,
			);
			name = CameraSampleTests;
			productName = CameraSampleTests;
			productReference = 329742DE1B749BDF00A6EA4B /* CameraSampleTests.xctest */;
			productType = "com.apple.product-type.bundle.unit-test";
		};
/* End PBXNativeTarget section */

/* Begin PBXProject section */
		329742C11B749BDE00A6EA4B /* Project object */ = {
			isa = PBXProject;
			attributes = {
				LastUpgradeCheck = 0640;
				ORGANIZATIONNAME = "TAMA PROJECT";
				TargetAttributes = {
					329742C81B749BDE00A6EA4B = {
						CreatedOnToolsVersion = 6.4;
					};
					329742DD1B749BDF00A6EA4B = {
						CreatedOnToolsVersion = 6.4;
						TestTargetID = 329742C81B749BDE00A6EA4B;
					};
				};
			};
			buildConfigurationList = 329742C41B749BDE00A6EA4B /* Build configuration list for PBXProject "CameraSample" */;
			compatibilityVersion = "Xcode 3.2";
			developmentRegion = English;
			hasScannedForEncodings = 0;
			knownRegions = (
				en,
				Base,
			);
			mainGroup = 329742C01B749BDE00A6EA4B;
			productRefGroup = 329742CA1B749BDE00A6EA4B /* Products */;
			projectDirPath = "";
			projectRoot = "";
			targets = (
				329742C81B749BDE00A6EA4B /* CameraSample */,
				329742DD1B749BDF00A6EA4B /* CameraSampleTests */,
			);
		};
/* End PBXProject section */

/* Begin PBXResourcesBuildPhase section */
		329742C71B749BDE00A6EA4B /* Resources */ = {
			isa = PBXResourcesBuildPhase;
			buildActionMask = 2147483647;
			files = (
				329742D41B749BDF00A6EA4B /* Main.storyboard in Resources */,
				32A7C9C61B787267007C3550 /* OverlayView.xib in Resources */,
				329742D91B749BDF00A6EA4B /* LaunchScreen.xib in Resources */,
				329742D61B749BDF00A6EA4B /* Images.xcassets in Resources */,
			);
			runOnlyForDeploymentPostprocessing = 0;
		};
		329742DC1B749BDF00A6EA4B /* Resources */ = {
			isa = PBXResourcesBuildPhase;
			buildActionMask = 2147483647;
			files = (
			);
			runOnlyForDeploymentPostprocessing = 0;
		};
/* End PBXResourcesBuildPhase section */

/* Begin PBXSourcesBuildPhase section */
		329742C51B749BDE00A6EA4B /* Sources */ = {
			isa = PBXSourcesBuildPhase;
			buildActionMask = 2147483647;
			files = (
				32A7C9C81B787317007C3550 /* OverlayView.swift in Sources */,
				32A7C9CA1B788C3F007C3550 /* CameraViewController.swift in Sources */,
				329742D11B749BDF00A6EA4B /* ViewController.swift in Sources */,
				329742CF1B749BDF00A6EA4B /* AppDelegate.swift in Sources */,
			);
			runOnlyForDeploymentPostprocessing = 0;
		};
		329742DA1B749BDF00A6EA4B /* Sources */ = {
			isa = PBXSourcesBuildPhase;
			buildActionMask = 2147483647;
			files = (
				329742E51B749BDF00A6EA4B /* CameraSampleTests.swift in Sources */,
			);
			runOnlyForDeploymentPostprocessing = 0;
		};
/* End PBXSourcesBuildPhase section */

/* Begin PBXTargetDependency section */
		329742E01B749BDF00A6EA4B /* PBXTargetDependency */ = {
			isa = PBXTargetDependency;
			target = 329742C81B749BDE00A6EA4B /* CameraSample */;
			targetProxy = 329742DF1B749BDF00A6EA4B /* PBXContainerItemProxy */;
		};
/* End PBXTargetDependency section */

/* Begin PBXVariantGroup section */
		329742D21B749BDF00A6EA4B /* Main.storyboard */ = {
			isa = PBXVariantGroup;
			children = (
				329742D31B749BDF00A6EA4B /* Base */,
			);
			name = Main.storyboard;
			sourceTree = "<group>";
		};
		329742D71B749BDF00A6EA4B /* LaunchScreen.xib */ = {
			isa = PBXVariantGroup;
			children = (
				329742D81B749BDF00A6EA4B /* Base */,
			);
			name = LaunchScreen.xib;
			sourceTree = "<group>";
		};
/* End PBXVariantGroup section */

/* Begin XCBuildConfiguration section */
		329742E61B749BDF00A6EA4B /* Debug */ = {
			isa = XCBuildConfiguration;
			buildSettings = {
				ALWAYS_SEARCH_USER_PATHS = NO;
				CLANG_CXX_LANGUAGE_STANDARD = "gnu++0x";
				CLANG_CXX_LIBRARY = "libc++";
				CLANG_ENABLE_MODULES = YES;
				CLANG_ENABLE_OBJC_ARC = YES;
				CLANG_WARN_BOOL_CONVERSION = YES;
				CLANG_WARN_CONSTANT_CONVERSION = YES;
				CLANG_WARN_DIRECT_OBJC_ISA_USAGE = YES_ERROR;
				CLANG_WARN_EMPTY_BODY = YES;
				CLANG_WARN_ENUM_CONVERSION = YES;
				CLANG_WARN_INT_CONVERSION = YES;
				CLANG_WARN_OBJC_ROOT_CLASS = YES_ERROR;
				CLANG_WARN_UNREACHABLE_CODE = YES;
				CLANG_WARN__DUPLICATE_METHOD_MATCH = YES;
				"CODE_SIGN_IDENTITY[sdk=iphoneos*]" = "iPhone Developer";
				COPY_PHASE_STRIP = NO;
				DEBUG_INFORMATION_FORMAT = "dwarf-with-dsym";
				ENABLE_STRICT_OBJC_MSGSEND = YES;
				GCC_C_LANGUAGE_STANDARD = gnu99;
				GCC_DYNAMIC_NO_PIC = NO;
				GCC_NO_COMMON_BLOCKS = YES;
				GCC_OPTIMIZATION_LEVEL = 0;
				GCC_PREPROCESSOR_DEFINITIONS = (
					"DEBUG=1",
					"$(inherited)",
				);
				GCC_SYMBOLS_PRIVATE_EXTERN = NO;
				GCC_WARN_64_TO_32_BIT_CONVERSION = YES;
				GCC_WARN_ABOUT_RETURN_TYPE = YES_ERROR;
				GCC_WARN_UNDECLARED_SELECTOR = YES;
				GCC_WARN_UNINITIALIZED_AUTOS = YES_AGGRESSIVE;
				GCC_WARN_UNUSED_FUNCTION = YES;
				GCC_WARN_UNUSED_VARIABLE = YES;
				IPHONEOS_DEPLOYMENT_TARGET = 8.0;
				MTL_ENABLE_DEBUG_INFO = YES;
				ONLY_ACTIVE_ARCH = YES;
				SDKROOT = iphoneos;
				SWIFT_OPTIMIZATION_LEVEL = "-Onone";
				TARGETED_DEVICE_FAMILY = 2;
			};
			name = Debug;
		};
		329742E71B749BDF00A6EA4B /* Release */ = {
			isa = XCBuildConfiguration;
			buildSettings = {
				ALWAYS_SEARCH_USER_PATHS = NO;
				CLANG_CXX_LANGUAGE_STANDARD = "gnu++0x";
				CLANG_CXX_LIBRARY = "libc++";
				CLANG_ENABLE_MODULES = YES;
				CLANG_ENABLE_OBJC_ARC = YES;
				CLANG_WARN_BOOL_CONVERSION = YES;
				CLANG_WARN_CONSTANT_CONVERSION = YES;
				CLANG_WARN_DIRECT_OBJC_ISA_USAGE = YES_ERROR;
				CLANG_WARN_EMPTY_BODY = YES;
				CLANG_WARN_ENUM_CONVERSION = YES;
				CLANG_WARN_INT_CONVERSION = YES;
				CLANG_WARN_OBJC_ROOT_CLASS = YES_ERROR;
				CLANG_WARN_UNREACHABLE_CODE = YES;
				CLANG_WARN__DUPLICATE_METHOD_MATCH = YES;
				"CODE_SIGN_IDENTITY[sdk=iphoneos*]" = "iPhone Developer";
				COPY_PHASE_STRIP = NO;
				DEBUG_INFORMATION_FORMAT = "dwarf-with-dsym";
				ENABLE_NS_ASSERTIONS = NO;
				ENABLE_STRICT_OBJC_MSGSEND = YES;
				GCC_C_LANGUAGE_STANDARD = gnu99;
				GCC_NO_COMMON_BLOCKS = YES;
				GCC_WARN_64_TO_32_BIT_CONVERSION = YES;
				GCC_WARN_ABOUT_RETURN_TYPE = YES_ERROR;
				GCC_WARN_UNDECLARED_SELECTOR = YES;
				GCC_WARN_UNINITIALIZED_AUTOS = YES_AGGRESSIVE;
				GCC_WARN_UNUSED_FUNCTION = YES;
				GCC_WARN_UNUSED_VARIABLE = YES;
				IPHONEOS_DEPLOYMENT_TARGET = 8.0;
				MTL_ENABLE_DEBUG_INFO = NO;
				SDKROOT = iphoneos;
				TARGETED_DEVICE_FAMILY = 2;
				VALIDATE_PRODUCT = YES;
			};
			name = Release;
		};
		329742E91B749BDF00A6EA4B /* Debug */ = {
			isa = XCBuildConfiguration;
			buildSettings = {
				ASSETCATALOG_COMPILER_APPICON_NAME = AppIcon;
				INFOPLIST_FILE = CameraSample/Info.plist;
				LD_RUNPATH_SEARCH_PATHS = "$(inherited) @executable_path/Frameworks";
				PRODUCT_NAME = "$(TARGET_NAME)";
			};
			name = Debug;
		};
		329742EA1B749BDF00A6EA4B /* Release */ = {
			isa = XCBuildConfiguration;
			buildSettings = {
				ASSETCATALOG_COMPILER_APPICON_NAME = AppIcon;
				INFOPLIST_FILE = CameraSample/Info.plist;
				LD_RUNPATH_SEARCH_PATHS = "$(inherited) @executable_path/Frameworks";
				PRODUCT_NAME = "$(TARGET_NAME)";
			};
			name = Release;
		};
		329742EC1B749BDF00A6EA4B /* Debug */ = {
			isa = XCBuildConfiguration;
			buildSettings = {
				BUNDLE_LOADER = "$(TEST_HOST)";
				FRAMEWORK_SEARCH_PATHS = (
					"$(SDKROOT)/Developer/Library/Frameworks",
					"$(inherited)",
				);
				GCC_PREPROCESSOR_DEFINITIONS = (
					"DEBUG=1",
					"$(inherited)",
				);
				INFOPLIST_FILE = CameraSampleTests/Info.plist;
				LD_RUNPATH_SEARCH_PATHS = "$(inherited) @executable_path/Frameworks @loader_path/Frameworks";
				PRODUCT_NAME = "$(TARGET_NAME)";
				TEST_HOST = "$(BUILT_PRODUCTS_DIR)/CameraSample.app/CameraSample";
			};
			name = Debug;
		};
		329742ED1B749BDF00A6EA4B /* Release */ = {
			isa = XCBuildConfiguration;
			buildSettings = {
				BUNDLE_LOADER = "$(TEST_HOST)";
				FRAMEWORK_SEARCH_PATHS = (
					"$(SDKROOT)/Developer/Library/Frameworks",
					"$(inherited)",
				);
				INFOPLIST_FILE = CameraSampleTests/Info.plist;
				LD_RUNPATH_SEARCH_PATHS = "$(inherited) @executable_path/Frameworks @loader_path/Frameworks";
				PRODUCT_NAME = "$(TARGET_NAME)";
				TEST_HOST = "$(BUILT_PRODUCTS_DIR)/CameraSample.app/CameraSample";
			};
			name = Release;
		};
/* End XCBuildConfiguration section */

/* Begin XCConfigurationList section */
		329742C41B749BDE00A6EA4B /* Build configuration list for PBXProject "CameraSample" */ = {
			isa = XCConfigurationList;
			buildConfigurations = (
				329742E61B749BDF00A6EA4B /* Debug */,
				329742E71B749BDF00A6EA4B /* Release */,
			);
			defaultConfigurationIsVisible = 0;
			defaultConfigurationName = Release;
		};
		329742E81B749BDF00A6EA4B /* Build configuration list for PBXNativeTarget "CameraSample" */ = {
			isa = XCConfigurationList;
			buildConfigurations = (
				329742E91B749BDF00A6EA4B /* Debug */,
				329742EA1B749BDF00A6EA4B /* Release */,
			);
			defaultConfigurationIsVisible = 0;
			defaultConfigurationName = Release;
		};
		329742EB1B749BDF00A6EA4B /* Build configuration list for PBXNativeTarget "CameraSampleTests" */ = {
			isa = XCConfigurationList;
			buildConfigurations = (
				329742EC1B749BDF00A6EA4B /* Debug */,
				329742ED1B749BDF00A6EA4B /* Release */,
			);
			defaultConfigurationIsVisible = 0;
			defaultConfigurationName = Release;
		};
/* End XCConfigurationList section */
	};
	rootObject = 329742C11B749BDE00A6EA4B /* Project object */;
}
